
Microsoft Visual Studio Solution File, Format Version 12.00
# Visual Studio Version 17
VisualStudioVersion = 17.12.35527.113
MinimumVisualStudioVersion = 10.0.40219.1
Project("{FAE04EC0-301F-11D3-BF4B-00C04F79EFBC}") = "GAMINGCONSOLEMODE", "GAMINGCONSOLEMODE\GAMINGCONSOLEMODE.csproj", "{7C37F388-B75F-4692-B8FE-4751184BD11B}"
EndProject
Project("{FAE04EC0-301F-11D3-BF4B-00C04F79EFBC}") = "gcmloader", "gcmloader\gcmloader.csproj", "{CA93A8F3-C821-4B98-A6D2-F4878974E4F4}"
EndProject
Project("{FAE04EC0-301F-11D3-BF4B-00C04F79EFBC}") = "wingamepad", "wingamepad\wingamepad.csproj", "{430255A8-EC63-4BDD-90A9-3608694D7261}"
EndProject
Project("{FAE04EC0-301F-11D3-BF4B-00C04F79EFBC}") = "TaskHelper", "TaskHelper\TaskHelper.csproj", "{5499AC2C-137C-4647-9BD4-A2C0729C73B8}"
EndProject
Project("{FAE04EC0-301F-11D3-BF4B-00C04F79EFBC}") = "OverlayWindow", "OverlayWindow\OverlayWindow.csproj", "{C1DB1E80-D7F6-4CA0-8282-F6DA357F9DB8}"
EndProject
Global
	GlobalSection(SolutionConfigurationPlatforms) = preSolution
		Debug|ARM64 = Debug|ARM64
		Debug|x64 = Debug|x64
		Debug|x86 = Debug|x86
		Release|ARM64 = Release|ARM64
		Release|x64 = Release|x64
		Release|x86 = Release|x86
	EndGlobalSection
	GlobalSection(ProjectConfigurationPlatforms) = postSolution
		{7C37F388-B75F-4692-B8FE-4751184BD11B}.Debug|ARM64.ActiveCfg = Debug|ARM64
		{7C37F388-B75F-4692-B8FE-4751184BD11B}.Debug|ARM64.Build.0 = Debug|ARM64
		{7C37F388-B75F-4692-B8FE-4751184BD11B}.Debug|ARM64.Deploy.0 = Debug|ARM64
		{7C37F388-B75F-4692-B8FE-4751184BD11B}.Debug|x64.ActiveCfg = Debug|x64
		{7C37F388-B75F-4692-B8FE-4751184BD11B}.Debug|x64.Build.0 = Debug|x64
		{7C37F388-B75F-4692-B8FE-4751184BD11B}.Debug|x64.Deploy.0 = Debug|x64
		{7C37F388-B75F-4692-B8FE-4751184BD11B}.Debug|x86.ActiveCfg = Debug|x86
		{7C37F388-B75F-4692-B8FE-4751184BD11B}.Debug|x86.Build.0 = Debug|x86
		{7C37F388-B75F-4692-B8FE-4751184BD11B}.Debug|x86.Deploy.0 = Debug|x86
		{7C37F388-B75F-4692-B8FE-4751184BD11B}.Release|ARM64.ActiveCfg = Release|ARM64
		{7C37F388-B75F-4692-B8FE-4751184BD11B}.Release|ARM64.Build.0 = Release|ARM64
		{7C37F388-B75F-4692-B8FE-4751184BD11B}.Release|ARM64.Deploy.0 = Release|ARM64
		{7C37F388-B75F-4692-B8FE-4751184BD11B}.Release|x64.ActiveCfg = Release|x64
		{7C37F388-B75F-4692-B8FE-4751184BD11B}.Release|x64.Build.0 = Release|x64
		{7C37F388-B75F-4692-B8FE-4751184BD11B}.Release|x64.Deploy.0 = Release|x64
		{7C37F388-B75F-4692-B8FE-4751184BD11B}.Release|x86.ActiveCfg = Release|x86
		{7C37F388-B75F-4692-B8FE-4751184BD11B}.Release|x86.Build.0 = Release|x86
		{7C37F388-B75F-4692-B8FE-4751184BD11B}.Release|x86.Deploy.0 = Release|x86
		{CA93A8F3-C821-4B98-A6D2-F4878974E4F4}.Debug|ARM64.ActiveCfg = Debug|ARM64
		{CA93A8F3-C821-4B98-A6D2-F4878974E4F4}.Debug|ARM64.Build.0 = Debug|ARM64
		{CA93A8F3-C821-4B98-A6D2-F4878974E4F4}.Debug|ARM64.Deploy.0 = Debug|ARM64
		{CA93A8F3-C821-4B98-A6D2-F4878974E4F4}.Debug|x64.ActiveCfg = Debug|x64
		{CA93A8F3-C821-4B98-A6D2-F4878974E4F4}.Debug|x64.Build.0 = Debug|x64
		{CA93A8F3-C821-4B98-A6D2-F4878974E4F4}.Debug|x64.Deploy.0 = Debug|x64
		{CA93A8F3-C821-4B98-A6D2-F4878974E4F4}.Debug|x86.ActiveCfg = Debug|x86
		{CA93A8F3-C821-4B98-A6D2-F4878974E4F4}.Debug|x86.Build.0 = Debug|x86
		{CA93A8F3-C821-4B98-A6D2-F4878974E4F4}.Debug|x86.Deploy.0 = Debug|x86
		{CA93A8F3-C821-4B98-A6D2-F4878974E4F4}.Release|ARM64.ActiveCfg = Release|ARM64
		{CA93A8F3-C821-4B98-A6D2-F4878974E4F4}.Release|ARM64.Build.0 = Release|ARM64
		{CA93A8F3-C821-4B98-A6D2-F4878974E4F4}.Release|ARM64.Deploy.0 = Release|ARM64
		{CA93A8F3-C821-4B98-A6D2-F4878974E4F4}.Release|x64.ActiveCfg = Release|x64
		{CA93A8F3-C821-4B98-A6D2-F4878974E4F4}.Release|x64.Build.0 = Release|x64
		{CA93A8F3-C821-4B98-A6D2-F4878974E4F4}.Release|x64.Deploy.0 = Release|x64
		{CA93A8F3-C821-4B98-A6D2-F4878974E4F4}.Release|x86.ActiveCfg = Release|x86
		{CA93A8F3-C821-4B98-A6D2-F4878974E4F4}.Release|x86.Build.0 = Release|x86
		{CA93A8F3-C821-4B98-A6D2-F4878974E4F4}.Release|x86.Deploy.0 = Release|x86
		{430255A8-EC63-4BDD-90A9-3608694D7261}.Debug|ARM64.ActiveCfg = Debug|Any CPU
		{430255A8-EC63-4BDD-90A9-3608694D7261}.Debug|ARM64.Build.0 = Debug|Any CPU
		{430255A8-EC63-4BDD-90A9-3608694D7261}.Debug|x64.ActiveCfg = Debug|Any CPU
		{430255A8-EC63-4BDD-90A9-3608694D7261}.Debug|x64.Build.0 = Debug|Any CPU
		{430255A8-EC63-4BDD-90A9-3608694D7261}.Debug|x86.ActiveCfg = Debug|Any CPU
		{430255A8-EC63-4BDD-90A9-3608694D7261}.Debug|x86.Build.0 = Debug|Any CPU
		{430255A8-EC63-4BDD-90A9-3608694D7261}.Release|ARM64.ActiveCfg = Release|Any CPU
		{430255A8-EC63-4BDD-90A9-3608694D7261}.Release|ARM64.Build.0 = Release|Any CPU
		{430255A8-EC63-4BDD-90A9-3608694D7261}.Release|x64.ActiveCfg = Release|Any CPU
		{430255A8-EC63-4BDD-90A9-3608694D7261}.Release|x64.Build.0 = Release|Any CPU
		{430255A8-EC63-4BDD-90A9-3608694D7261}.Release|x86.ActiveCfg = Release|Any CPU
		{430255A8-EC63-4BDD-90A9-3608694D7261}.Release|x86.Build.0 = Release|Any CPU
		{5499AC2C-137C-4647-9BD4-A2C0729C73B8}.Debug|ARM64.ActiveCfg = Debug|Any CPU
		{5499AC2C-137C-4647-9BD4-A2C0729C73B8}.Debug|ARM64.Build.0 = Debug|Any CPU
		{5499AC2C-137C-4647-9BD4-A2C0729C73B8}.Debug|x64.ActiveCfg = Debug|Any CPU
		{5499AC2C-137C-4647-9BD4-A2C0729C73B8}.Debug|x64.Build.0 = Debug|Any CPU
		{5499AC2C-137C-4647-9BD4-A2C0729C73B8}.Debug|x86.ActiveCfg = Debug|Any CPU
		{5499AC2C-137C-4647-9BD4-A2C0729C73B8}.Debug|x86.Build.0 = Debug|Any CPU
		{5499AC2C-137C-4647-9BD4-A2C0729C73B8}.Release|ARM64.ActiveCfg = Release|Any CPU
		{5499AC2C-137C-4647-9BD4-A2C0729C73B8}.Release|ARM64.Build.0 = Release|Any CPU
		{5499AC2C-137C-4647-9BD4-A2C0729C73B8}.Release|x64.ActiveCfg = Release|Any CPU
		{5499AC2C-137C-4647-9BD4-A2C0729C73B8}.Release|x64.Build.0 = Release|Any CPU
		{5499AC2C-137C-4647-9BD4-A2C0729C73B8}.Release|x86.ActiveCfg = Release|Any CPU
		{5499AC2C-137C-4647-9BD4-A2C0729C73B8}.Release|x86.Build.0 = Release|Any CPU
		{C1DB1E80-D7F6-4CA0-8282-F6DA357F9DB8}.Debug|ARM64.ActiveCfg = Debug|Any CPU
		{C1DB1E80-D7F6-4CA0-8282-F6DA357F9DB8}.Debug|ARM64.Build.0 = Debug|Any CPU
		{C1DB1E80-D7F6-4CA0-8282-F6DA357F9DB8}.Debug|x64.ActiveCfg = Debug|Any CPU
		{C1DB1E80-D7F6-4CA0-8282-F6DA357F9DB8}.Debug|x64.Build.0 = Debug|Any CPU
		{C1DB1E80-D7F6-4CA0-8282-F6DA357F9DB8}.Debug|x86.ActiveCfg = Debug|Any CPU
		{C1DB1E80-D7F6-4CA0-8282-F6DA357F9DB8}.Debug|x86.Build.0 = Debug|Any CPU
		{C1DB1E80-D7F6-4CA0-8282-F6DA357F9DB8}.Release|ARM64.ActiveCfg = Release|Any CPU
		{C1DB1E80-D7F6-4CA0-8282-F6DA357F9DB8}.Release|ARM64.Build.0 = Release|Any CPU
		{C1DB1E80-D7F6-4CA0-8282-F6DA357F9DB8}.Release|x64.ActiveCfg = Release|Any CPU
		{C1DB1E80-D7F6-4CA0-8282-F6DA357F9DB8}.Release|x64.Build.0 = Release|Any CPU
		{C1DB1E80-D7F6-4CA0-8282-F6DA357F9DB8}.Release|x86.ActiveCfg = Release|Any CPU
		{C1DB1E80-D7F6-4CA0-8282-F6DA357F9DB8}.Release|x86.Build.0 = Release|Any CPU
	EndGlobalSection
	GlobalSection(SolutionProperties) = preSolution
		HideSolutionNode = FALSE
	EndGlobalSection
	GlobalSection(ExtensibilityGlobals) = postSolution
		SolutionGuid = {9BFA607D-D244-428E-A7BB-5862BA5249A3}
	EndGlobalSection
EndGlobal
